
Microsoft Visual Studio Solution File, Format Version 12.00
# Visual Studio Version 17
VisualStudioVersion = 17.3.32929.385
MinimumVisualStudioVersion = 10.0.40219.1
Project("{FAE04EC0-301F-11D3-BF4B-00C04F79EFBC}") = "Week15Classwork", "Week15Classwork\Week15Classwork.csproj", "{47EDA9AA-46AC-4CFD-8EAF-2FB45918C3B4}"
EndProject
Project("{FAE04EC0-301F-11D3-BF4B-00C04F79EFBC}") = "Domain", "Domain\Domain.csproj", "{A6C286A7-1293-407D-B494-3C91CDF5DDA2}"
EndProject
Project("{FAE04EC0-301F-11D3-BF4B-00C04F79EFBC}") = "Service", "Service\Service.csproj", "{DF17989B-17E9-494F-B6CA-1075EA92B120}"
EndProject
Project("{FAE04EC0-301F-11D3-BF4B-00C04F79EFBC}") = "DataAccess", "DataAccess\DataAccess.csproj", "{334327A9-5E93-436C-AC64-B5152E452539}"
EndProject
Global
	GlobalSection(SolutionConfigurationPlatforms) = preSolution
		Debug|Any CPU = Debug|Any CPU
		Release|Any CPU = Release|Any CPU
	EndGlobalSection
	GlobalSection(ProjectConfigurationPlatforms) = postSolution
		{47EDA9AA-46AC-4CFD-8EAF-2FB45918C3B4}.Debug|Any CPU.ActiveCfg = Debug|Any CPU
		{47EDA9AA-46AC-4CFD-8EAF-2FB45918C3B4}.Debug|Any CPU.Build.0 = Debug|Any CPU
		{47EDA9AA-46AC-4CFD-8EAF-2FB45918C3B4}.Release|Any CPU.ActiveCfg = Release|Any CPU
		{47EDA9AA-46AC-4CFD-8EAF-2FB45918C3B4}.Release|Any CPU.Build.0 = Release|Any CPU
		{A6C286A7-1293-407D-B494-3C91CDF5DDA2}.Debug|Any CPU.ActiveCfg = Debug|Any CPU
		{A6C286A7-1293-407D-B494-3C91CDF5DDA2}.Debug|Any CPU.Build.0 = Debug|Any CPU
		{A6C286A7-1293-407D-B494-3C91CDF5DDA2}.Release|Any CPU.ActiveCfg = Release|Any CPU
		{A6C286A7-1293-407D-B494-3C91CDF5DDA2}.Release|Any CPU.Build.0 = Release|Any CPU
		{DF17989B-17E9-494F-B6CA-1075EA92B120}.Debug|Any CPU.ActiveCfg = Debug|Any CPU
		{DF17989B-17E9-494F-B6CA-1075EA92B120}.Debug|Any CPU.Build.0 = Debug|Any CPU
		{DF17989B-17E9-494F-B6CA-1075EA92B120}.Release|Any CPU.ActiveCfg = Release|Any CPU
		{DF17989B-17E9-494F-B6CA-1075EA92B120}.Release|Any CPU.Build.0 = Release|Any CPU
		{334327A9-5E93-436C-AC64-B5152E452539}.Debug|Any CPU.ActiveCfg = Debug|Any CPU
		{334327A9-5E93-436C-AC64-B5152E452539}.Debug|Any CPU.Build.0 = Debug|Any CPU
		{334327A9-5E93-436C-AC64-B5152E452539}.Release|Any CPU.ActiveCfg = Release|Any CPU
		{334327A9-5E93-436C-AC64-B5152E452539}.Release|Any CPU.Build.0 = Release|Any CPU
	EndGlobalSection
	GlobalSection(SolutionProperties) = preSolution
		HideSolutionNode = FALSE
	EndGlobalSection
	GlobalSection(ExtensibilityGlobals) = postSolution
		SolutionGuid = {2A9DA332-EFF0-4648-9B71-3D324E1BAC21}
	EndGlobalSection
EndGlobal
